// !$*UTF8*$!
{
	archiveVersion = 1;
	classes = {
	};
	objectVersion = 50;
	objects = {

/* Begin PBXBuildFile section */
		847A363B24BE965100724B0A /* AppDelegate.m in Sources */ = {isa = PBXBuildFile; fileRef = 847A363A24BE965100724B0A /* AppDelegate.m */; };
		847A363E24BE965100724B0A /* SceneDelegate.m in Sources */ = {isa = PBXBuildFile; fileRef = 847A363D24BE965100724B0A /* SceneDelegate.m */; };
		847A364124BE965100724B0A /* ViewController.m in Sources */ = {isa = PBXBuildFile; fileRef = 847A364024BE965100724B0A /* ViewController.m */; };
		847A364424BE965100724B0A /* Main.storyboard in Resources */ = {isa = PBXBuildFile; fileRef = 847A364224BE965100724B0A /* Main.storyboard */; };
		847A364624BE965200724B0A /* Assets.xcassets in Resources */ = {isa = PBXBuildFile; fileRef = 847A364524BE965200724B0A /* Assets.xcassets */; };
		847A364924BE965200724B0A /* LaunchScreen.storyboard in Resources */ = {isa = PBXBuildFile; fileRef = 847A364724BE965200724B0A /* LaunchScreen.storyboard */; };
		847A364C24BE965200724B0A /* main.m in Sources */ = {isa = PBXBuildFile; fileRef = 847A364B24BE965200724B0A /* main.m */; };
		847A365424BE983B00724B0A /* XtayStepperView.m in Sources */ = {isa = PBXBuildFile; fileRef = 847A365324BE983B00724B0A /* XtayStepperView.m */; };
/* End PBXBuildFile section */

/* Begin PBXFileReference section */
		847A363624BE965100724B0A /* ZJJCustomStepperView.app */ = {isa = PBXFileReference; explicitFileType = wrapper.application; includeInIndex = 0; path = ZJJCustomStepperView.app; sourceTree = BUILT_PRODUCTS_DIR; };
		847A363924BE965100724B0A /* AppDelegate.h */ = {isa = PBXFileReference; lastKnownFileType = sourcecode.c.h; path = AppDelegate.h; sourceTree = "<group>"; };
		847A363A24BE965100724B0A /* AppDelegate.m */ = {isa = PBXFileReference; lastKnownFileType = sourcecode.c.objc; path = AppDelegate.m; sourceTree = "<group>"; };
		847A363C24BE965100724B0A /* SceneDelegate.h */ = {isa = PBXFileReference; lastKnownFileType = sourcecode.c.h; path = SceneDelegate.h; sourceTree = "<group>"; };
		847A363D24BE965100724B0A /* SceneDelegate.m */ = {isa = PBXFileReference; lastKnownFileType = sourcecode.c.objc; path = SceneDelegate.m; sourceTree = "<group>"; };
		847A363F24BE965100724B0A /* ViewController.h */ = {isa = PBXFileReference; lastKnownFileType = sourcecode.c.h; path = ViewController.h; sourceTree = "<group>"; };
		847A364024BE965100724B0A /* ViewController.m */ = {isa = PBXFileReference; lastKnownFileType = sourcecode.c.objc; path = ViewController.m; sourceTree = "<group>"; };
		847A364324BE965100724B0A /* Base */ = {isa = PBXFileReference; lastKnownFileType = file.storyboard; name = Base; path = Base.lproj/Main.storyboard; sourceTree = "<group>"; };
		847A364524BE965200724B0A /* Assets.xcassets */ = {isa = PBXFileReference; lastKnownFileType = folder.assetcatalog; path = Assets.xcassets; sourceTree = "<group>"; };
		847A364824BE965200724B0A /* Base */ = {isa = PBXFileReference; lastKnownFileType = file.storyboard; name = Base; path = Base.lproj/LaunchScreen.storyboard; sourceTree = "<group>"; };
		847A364A24BE965200724B0A /* Info.plist */ = {isa = PBXFileReference; lastKnownFileType = text.plist.xml; path = Info.plist; sourceTree = "<group>"; };
		847A364B24BE965200724B0A /* main.m */ = {isa = PBXFileReference; lastKnownFileType = sourcecode.c.objc; path = main.m; sourceTree = "<group>"; };
		847A365224BE983B00724B0A /* XtayStepperView.h */ = {isa = PBXFileReference; fileEncoding = 4; lastKnownFileType = sourcecode.c.h; path = XtayStepperView.h; sourceTree = "<group>"; };
		847A365324BE983B00724B0A /* XtayStepperView.m */ = {isa = PBXFileReference; fileEncoding = 4; lastKnownFileType = sourcecode.c.objc; path = XtayStepperView.m; sourceTree = "<group>"; };
/* End PBXFileReference section */

/* Begin PBXFrameworksBuildPhase section */
		847A363324BE965100724B0A /* Frameworks */ = {
			isa = PBXFrameworksBuildPhase;
			buildActionMask = 2147483647;
			files = (
			);
			runOnlyForDeploymentPostprocessing = 0;
		};
/* End PBXFrameworksBuildPhase section */

/* Begin PBXGroup section */
		847A362D24BE965100724B0A = {
			isa = PBXGroup;
			children = (
				847A363824BE965100724B0A /* ZJJCustomStepperView */,
				847A363724BE965100724B0A /* Products */,
			);
			sourceTree = "<group>";
		};
		847A363724BE965100724B0A /* Products */ = {
			isa = PBXGroup;
			children = (
				847A363624BE965100724B0A /* ZJJCustomStepperView.app */,
			);
			name = Products;
			sourceTree = "<group>";
		};
		847A363824BE965100724B0A /* ZJJCustomStepperView */ = {
			isa = PBXGroup;
			children = (
				847A363924BE965100724B0A /* AppDelegate.h */,
				847A363A24BE965100724B0A /* AppDelegate.m */,
				847A363C24BE965100724B0A /* SceneDelegate.h */,
				847A363D24BE965100724B0A /* SceneDelegate.m */,
				847A365224BE983B00724B0A /* XtayStepperView.h */,
				847A365324BE983B00724B0A /* XtayStepperView.m */,
				847A363F24BE965100724B0A /* ViewController.h */,
				847A364024BE965100724B0A /* ViewController.m */,
				847A364224BE965100724B0A /* Main.storyboard */,
				847A364524BE965200724B0A /* Assets.xcassets */,
				847A364724BE965200724B0A /* LaunchScreen.storyboard */,
				847A364A24BE965200724B0A /* Info.plist */,
				847A364B24BE965200724B0A /* main.m */,
			);
			path = ZJJCustomStepperView;
			sourceTree = "<group>";
		};
/* End PBXGroup section */

/* Begin PBXNativeTarget section */
		847A363524BE965100724B0A /* ZJJCustomStepperView */ = {
			isa = PBXNativeTarget;
			buildConfigurationList = 847A364F24BE965200724B0A /* Build configuration list for PBXNativeTarget "ZJJCustomStepperView" */;
			buildPhases = (
				847A363224BE965100724B0A /* Sources */,
				847A363324BE965100724B0A /* Frameworks */,
				847A363424BE965100724B0A /* Resources */,
			);
			buildRules = (
			);
			dependencies = (
			);
			name = ZJJCustomStepperView;
			productName = ZJJCustomStepperView;
			productReference = 847A363624BE965100724B0A /* ZJJCustomStepperView.app */;
			productType = "com.apple.product-type.application";
		};
/* End PBXNativeTarget section */

/* Begin PBXProject section */
		847A362E24BE965100724B0A /* Project object */ = {
			isa = PBXProject;
			attributes = {
				LastUpgradeCheck = 1150;
				ORGANIZATIONNAME = xtayqria;
				TargetAttributes = {
					847A363524BE965100724B0A = {
						CreatedOnToolsVersion = 11.5;
					};
				};
			};
			buildConfigurationList = 847A363124BE965100724B0A /* Build configuration list for PBXProject "ZJJCustomStepperView" */;
			compatibilityVersion = "Xcode 9.3";
			developmentRegion = en;
			hasScannedForEncodings = 0;
			knownRegions = (
				en,
				Base,
			);
			mainGroup = 847A362D24BE965100724B0A;
			productRefGroup = 847A363724BE965100724B0A /* Products */;
			projectDirPath = "";
			projectRoot = "";
			targets = (
				847A363524BE965100724B0A /* ZJJCustomStepperView */,
			);
		};
/* End PBXProject section */

/* Begin PBXResourcesBuildPhase section */
		847A363424BE965100724B0A /* Resources */ = {
			isa = PBXResourcesBuildPhase;
			buildActionMask = 2147483647;
			files = (
				847A364924BE965200724B0A /* LaunchScreen.storyboard in Resources */,
				847A364624BE965200724B0A /* Assets.xcassets in Resources */,
				847A364424BE965100724B0A /* Main.storyboard in Resources */,
			);
			runOnlyForDeploymentPostprocessing = 0;
		};
/* End PBXResourcesBuildPhase section */

/* Begin PBXSourcesBuildPhase section */
		847A363224BE965100724B0A /* Sources */ = {
			isa = PBXSourcesBuildPhase;
			buildActionMask = 2147483647;
			files = (
				847A364124BE965100724B0A /* ViewController.m in Sources */,
				847A363B24BE965100724B0A /* AppDelegate.m in Sources */,
				847A364C24BE965200724B0A /* main.m in Sources */,
				847A363E24BE965100724B0A /* SceneDelegate.m in Sources */,
				847A365424BE983B00724B0A /* XtayStepperView.m in Sources */,
			);
			runOnlyForDeploymentPostprocessing = 0;
		};
/* End PBXSourcesBuildPhase section */

/* Begin PBXVariantGroup section */
		847A364224BE965100724B0A /* Main.storyboard */ = {
			isa = PBXVariantGroup;
			children = (
				847A364324BE965100724B0A /* Base */,
			);
			name = Main.storyboard;
			sourceTree = "<group>";
		};
		847A364724BE965200724B0A /* LaunchScreen.storyboard */ = {
			isa = PBXVariantGroup;
			children = (
				847A364824BE965200724B0A /* Base */,
			);
			name = LaunchScreen.storyboard;
			sourceTree = "<group>";
		};
/* End PBXVariantGroup section */

/* Begin XCBuildConfiguration section */
		847A364D24BE965200724B0A /* Debug */ = {
			isa = XCBuildConfiguration;
			buildSettings = {
				ALWAYS_SEARCH_USER_PATHS = NO;
				CLANG_ANALYZER_NONNULL = YES;
				CLANG_ANALYZER_NUMBER_OBJECT_CONVERSION = YES_AGGRESSIVE;
				CLANG_CXX_LANGUAGE_STANDARD = "gnu++14";
				CLANG_CXX_LIBRARY = "libc++";
				CLANG_ENABLE_MODULES = YES;
				CLANG_ENABLE_OBJC_ARC = YES;
				CLANG_ENABLE_OBJC_WEAK = YES;
				CLANG_WARN_BLOCK_CAPTURE_AUTORELEASING = YES;
				CLANG_WARN_BOOL_CONVERSION = YES;
				CLANG_WARN_COMMA = YES;
				CLANG_WARN_CONSTANT_CONVERSION = YES;
				CLANG_WARN_DEPRECATED_OBJC_IMPLEMENTATIONS = YES;
				CLANG_WARN_DIRECT_OBJC_ISA_USAGE = YES_ERROR;
				CLANG_WARN_DOCUMENTATION_COMMENTS = YES;
				CLANG_WARN_EMPTY_BODY = YES;
				CLANG_WARN_ENUM_CONVERSION = YES;
				CLANG_WARN_INFINITE_RECURSION = YES;
				CLANG_WARN_INT_CONVERSION = YES;
				CLANG_WARN_NON_LITERAL_NULL_CONVERSION = YES;
				CLANG_WARN_OBJC_IMPLICIT_RETAIN_SELF = YES;
				CLANG_WARN_OBJC_LITERAL_CONVERSION = YES;
				CLANG_WARN_OBJC_ROOT_CLASS = YES_ERROR;
				CLANG_WARN_RANGE_LOOP_ANALYSIS = YES;
				CLANG_WARN_STRICT_PROTOTYPES = YES;
				CLANG_WARN_SUSPICIOUS_MOVE = YES;
				CLANG_WARN_UNGUARDED_AVAILABILITY = YES_AGGRESSIVE;
				CLANG_WARN_UNREACHABLE_CODE = YES;
				CLANG_WARN__DUPLICATE_METHOD_MATCH = YES;
				COPY_PHASE_STRIP = NO;
				DEBUG_INFORMATION_FORMAT = dwarf;
				ENABLE_STRICT_OBJC_MSGSEND = YES;
				ENABLE_TESTABILITY = YES;
				GCC_C_LANGUAGE_STANDARD = gnu11;
				GCC_DYNAMIC_NO_PIC = NO;
				GCC_NO_COMMON_BLOCKS = YES;
				GCC_OPTIMIZATION_LEVEL = 0;
				GCC_PREPROCESSOR_DEFINITIONS = (
					"DEBUG=1",
					"$(inherited)",
				);
				GCC_WARN_64_TO_32_BIT_CONVERSION = YES;
				GCC_WARN_ABOUT_RETURN_TYPE = YES_ERROR;
				GCC_WARN_UNDECLARED_SELECTOR = YES;
				GCC_WARN_UNINITIALIZED_AUTOS = YES_AGGRESSIVE;
				GCC_WARN_UNUSED_FUNCTION = YES;
				GCC_WARN_UNUSED_VARIABLE = YES;
				IPHONEOS_DEPLOYMENT_TARGET = 13.5;
				MTL_ENABLE_DEBUG_INFO = INCLUDE_SOURCE;
				MTL_FAST_MATH = YES;
				ONLY_ACTIVE_ARCH = YES;
				SDKROOT = iphoneos;
			};
			name = Debug;
		};
		847A364E24BE965200724B0A /* Release */ = {
			isa = XCBuildConfiguration;
			buildSettings = {
				ALWAYS_SEARCH_USER_PATHS = NO;
				CLANG_ANALYZER_NONNULL = YES;
				CLANG_ANALYZER_NUMBER_OBJECT_CONVERSION = YES_AGGRESSIVE;
				CLANG_CXX_LANGUAGE_STANDARD = "gnu++14";
				CLANG_CXX_LIBRARY = "libc++";
				CLANG_ENABLE_MODULES = YES;
				CLANG_ENABLE_OBJC_ARC = YES;
				CLANG_ENABLE_OBJC_WEAK = YES;
				CLANG_WARN_BLOCK_CAPTURE_AUTORELEASING = YES;
				CLANG_WARN_BOOL_CONVERSION = YES;
				CLANG_WARN_COMMA = YES;
				CLANG_WARN_CONSTANT_CONVERSION = YES;
				CLANG_WARN_DEPRECATED_OBJC_IMPLEMENTATIONS = YES;
				CLANG_WARN_DIRECT_OBJC_ISA_USAGE = YES_ERROR;
				CLANG_WARN_DOCUMENTATION_COMMENTS = YES;
				CLANG_WARN_EMPTY_BODY = YES;
				CLANG_WARN_ENUM_CONVERSION = YES;
				CLANG_WARN_INFINITE_RECURSION = YES;
				CLANG_WARN_INT_CONVERSION = YES;
				CLANG_WARN_NON_LITERAL_NULL_CONVERSION = YES;
				CLANG_WARN_OBJC_IMPLICIT_RETAIN_SELF = YES;
				CLANG_WARN_OBJC_LITERAL_CONVERSION = YES;
				CLANG_WARN_OBJC_ROOT_CLASS = YES_ERROR;
				CLANG_WARN_RANGE_LOOP_ANALYSIS = YES;
				CLANG_WARN_STRICT_PROTOTYPES = YES;
				CLANG_WARN_SUSPICIOUS_MOVE = YES;
				CLANG_WARN_UNGUARDED_AVAILABILITY = YES_AGGRESSIVE;
				CLANG_WARN_UNREACHABLE_CODE = YES;
				CLANG_WARN__DUPLICATE_METHOD_MATCH = YES;
				COPY_PHASE_STRIP = NO;
				DEBUG_INFORMATION_FORMAT = "dwarf-with-dsym";
				ENABLE_NS_ASSERTIONS = NO;
				ENABLE_STRICT_OBJC_MSGSEND = YES;
				GCC_C_LANGUAGE_STANDARD = gnu11;
				GCC_NO_COMMON_BLOCKS = YES;
				GCC_WARN_64_TO_32_BIT_CONVERSION = YES;
				GCC_WARN_ABOUT_RETURN_TYPE = YES_ERROR;
				GCC_WARN_UNDECLARED_SELECTOR = YES;
				GCC_WARN_UNINITIALIZED_AUTOS = YES_AGGRESSIVE;
				GCC_WARN_UNUSED_FUNCTION = YES;
				GCC_WARN_UNUSED_VARIABLE = YES;
				IPHONEOS_DEPLOYMENT_TARGET = 13.5;
				MTL_ENABLE_DEBUG_INFO = NO;
				MTL_FAST_MATH = YES;
				SDKROOT = iphoneos;
				VALIDATE_PRODUCT = YES;
			};
			name = Release;
		};
		847A365024BE965200724B0A /* Debug */ = {
			isa = XCBuildConfiguration;
			buildSettings = {
				ASSETCATALOG_COMPILER_APPICON_NAME = AppIcon;
				CODE_SIGN_STYLE = Automatic;
				INFOPLIST_FILE = ZJJCustomStepperView/Info.plist;
				IPHONEOS_DEPLOYMENT_TARGET = 9.0;
				LD_RUNPATH_SEARCH_PATHS = (
					"$(inherited)",
					"@executable_path/Frameworks",
				);
				PRODUCT_BUNDLE_IDENTIFIER = com.ZJJCustomStepperView;
				PRODUCT_NAME = "$(TARGET_NAME)";
				TARGETED_DEVICE_FAMILY = 1;
			};
			name = Debug;
		};
		847A365124BE965200724B0A /* Release */ = {
			isa = XCBuildConfiguration;
			buildSettings = {
				ASSETCATALOG_COMPILER_APPICON_NAME = AppIcon;
				CODE_SIGN_STYLE = Automatic;
				INFOPLIST_FILE = ZJJCustomStepperView/Info.plist;
				IPHONEOS_DEPLOYMENT_TARGET = 9.0;
				LD_RUNPATH_SEARCH_PATHS = (
					"$(inherited)",
					"@executable_path/Frameworks",
				);
				PRODUCT_BUNDLE_IDENTIFIER = com.ZJJCustomStepperView;
				PRODUCT_NAME = "$(TARGET_NAME)";
				TARGETED_DEVICE_FAMILY = 1;
			};
			name = Release;
		};
/* End XCBuildConfiguration section */

/* Begin XCConfigurationList section */
		847A363124BE965100724B0A /* Build configuration list for PBXProject "ZJJCustomStepperView" */ = {
			isa = XCConfigurationList;
			buildConfigurations = (
				847A364D24BE965200724B0A /* Debug */,
				847A364E24BE965200724B0A /* Release */,
			);
			defaultConfigurationIsVisible = 0;
			defaultConfigurationName = Release;
		};
		847A364F24BE965200724B0A /* Build configuration list for PBXNativeTarget "ZJJCustomStepperView" */ = {
			isa = XCConfigurationList;
			buildConfigurations = (
				847A365024BE965200724B0A /* Debug */,
				847A365124BE965200724B0A /* Release */,
			);
			defaultConfigurationIsVisible = 0;
			defaultConfigurationName = Release;
		};
/* End XCConfigurationList section */
	};
	rootObject = 847A362E24BE965100724B0A /* Project object */;
}
